{
  "name": "modules",
  "version": "1.0.0",
  "lockfileVersion": 1,
  "requires": true,
  "dependencies": {
    "bct-activity": {
      "version": "1.0.3",
      "resolved": "https://registry.npmjs.org/bct-activity/-/bct-activity-1.0.3.tgz",
      "integrity": "sha512-DMsPHCTxEoeAmJ2yn/9zFw3pGsy0aa+J4Krw//ovQ+AVN5AZlBtWViC8wsPNCxKjgW0GitlmJewfQe9mdS424w=="
    },
    "bct-trust": {
      "version": "1.0.5",
      "resolved": "https://registry.npmjs.org/bct-trust/-/bct-trust-1.0.5.tgz",
      "integrity": "sha512-YFj4SfLqIz6wJPXyARkfZ/PenzOfQKk6rEeJ3+qMlwbgfbpZLPyiZGYlzguF9PxQCFxvNecFANfdCatB/ORqEg=="
    }
  }
}
