# THIS IS AN AUTOGENERATED FILE. DO NOT EDIT THIS FILE DIRECTLY.
# yarn lockfile v1


bct-activity@^1.0.3:
  version "1.0.3"
  resolved "https://registry.yarnpkg.com/bct-activity/-/bct-activity-1.0.3.tgz#0b16c705dbe74c8ac57d07722355535b9bb5fc9d"

bct-trust@^1.0.5:
  version "1.0.5"
  resolved "https://registry.yarnpkg.com/bct-trust/-/bct-trust-1.0.5.tgz#ccad213f981c1f0d3b420099eaf835f10d44d967"
